{
  "requires": true,
  "lockfileVersion": 1,
  "dependencies": {
    "detect-browser": {
      "version": "5.1.1",
      "resolved": "https://registry.npmjs.org/detect-browser/-/detect-browser-5.1.1.tgz",
      "integrity": "sha512-5n2aWI57qC3kZaK4j2zYsG6L1LrxgLptGCNhMQgdKhVn6cSdcq43pp6xHPfTHG3TYM6myF4tIPWiZtfdVDgb9w=="
    },
    "webextension-polyfill": {
      "version": "0.4.0",
      "resolved": "https://registry.npmjs.org/webextension-polyfill/-/webextension-polyfill-0.4.0.tgz",
      "integrity": "sha1-nMWmDw8r+Qems0n91+YXAfVJVvk="
    }
  }
}
